
Microsoft Visual Studio Solution File, Format Version 12.00
# Visual Studio 15
VisualStudioVersion = 15.0.28307.1738
MinimumVisualStudioVersion = 10.0.40219.1
Project("{FAE04EC0-301F-11D3-BF4B-00C04F79EFBC}") = "New", "New\New.csproj", "{17F5CB19-AE27-4A82-9ED5-3E1F8049FD4D}"
EndProject
Global
	GlobalSection(SolutionConfigurationPlatforms) = preSolution
		Debug|Any CPU = Debug|Any CPU
		Release|Any CPU = Release|Any CPU
	EndGlobalSection
	GlobalSection(ProjectConfigurationPlatforms) = postSolution
		{17F5CB19-AE27-4A82-9ED5-3E1F8049FD4D}.Debug|Any CPU.ActiveCfg = Debug|Any CPU
		{17F5CB19-AE27-4A82-9ED5-3E1F8049FD4D}.Debug|Any CPU.Build.0 = Debug|Any CPU
		{17F5CB19-AE27-4A82-9ED5-3E1F8049FD4D}.Release|Any CPU.ActiveCfg = Release|Any CPU
		{17F5CB19-AE27-4A82-9ED5-3E1F8049FD4D}.Release|Any CPU.Build.0 = Release|Any CPU
	EndGlobalSection
	GlobalSection(SolutionProperties) = preSolution
		HideSolutionNode = FALSE
	EndGlobalSection
	GlobalSection(ExtensibilityGlobals) = postSolution
		SolutionGuid = {25E8065A-214A-4A28-984C-AAB6ADAF1F72}
	EndGlobalSection
EndGlobal
